
Microsoft Visual Studio Solution File, Format Version 12.00
# Visual Studio Version 17
VisualStudioVersion = 17.0.31903.59
MinimumVisualStudioVersion = 10.0.40219.1
Project("{2150E333-8FDC-42A3-9474-1A3956D46DE8}") = "Api", "Api", "{BE294DAA-3666-4AFC-8DA2-B74AC129599A}"
EndProject
Project("{FAE04EC0-301F-11D3-BF4B-00C04F79EFBC}") = "UrlShortener.Api", "Api\UrlShortener.Api\UrlShortener.Api.csproj", "{462B1B83-CD0C-481A-AE36-04827FF643B3}"
EndProject
Global
	GlobalSection(SolutionConfigurationPlatforms) = preSolution
		Debug|Any CPU = Debug|Any CPU
		Release|Any CPU = Release|Any CPU
	EndGlobalSection
	GlobalSection(SolutionProperties) = preSolution
		HideSolutionNode = FALSE
	EndGlobalSection
	GlobalSection(ProjectConfigurationPlatforms) = postSolution
		{462B1B83-CD0C-481A-AE36-04827FF643B3}.Debug|Any CPU.ActiveCfg = Debug|Any CPU
		{462B1B83-CD0C-481A-AE36-04827FF643B3}.Debug|Any CPU.Build.0 = Debug|Any CPU
		{462B1B83-CD0C-481A-AE36-04827FF643B3}.Release|Any CPU.ActiveCfg = Release|Any CPU
		{462B1B83-CD0C-481A-AE36-04827FF643B3}.Release|Any CPU.Build.0 = Release|Any CPU
	EndGlobalSection
	GlobalSection(NestedProjects) = preSolution
		{462B1B83-CD0C-481A-AE36-04827FF643B3} = {BE294DAA-3666-4AFC-8DA2-B74AC129599A}
	EndGlobalSection
EndGlobal
